
Microsoft Visual Studio Solution File, Format Version 12.00
# Visual Studio Version 16
VisualStudioVersion = 16.0.31727.386
MinimumVisualStudioVersion = 10.0.40219.1
Project("{9A19103F-16F7-4668-BE54-9A1E7A4F7556}") = "WebAPI", "WebAPI\WebAPI.csproj", "{14F23F2F-CA2C-417E-AAA6-DE2154FD817C}"
EndProject
Project("{9A19103F-16F7-4668-BE54-9A1E7A4F7556}") = "BusinessLogic", "BusinessLogic\BusinessLogic.csproj", "{32FCF4AB-7B32-4962-8ED0-D9CDB26053FF}"
EndProject
Project("{9A19103F-16F7-4668-BE54-9A1E7A4F7556}") = "DataAccess", "DataAccess\DataAccess.csproj", "{411CA907-02CF-4F6B-AB38-F86EF0387D4E}"
EndProject
Project("{FAE04EC0-301F-11D3-BF4B-00C04F79EFBC}") = "DTO", "DTO\DTO.csproj", "{6D005EED-B11E-49DD-A31D-DCFA807F7C99}"
EndProject
Global
	GlobalSection(SolutionConfigurationPlatforms) = preSolution
		Debug|Any CPU = Debug|Any CPU
		Release|Any CPU = Release|Any CPU
	EndGlobalSection
	GlobalSection(ProjectConfigurationPlatforms) = postSolution
		{14F23F2F-CA2C-417E-AAA6-DE2154FD817C}.Debug|Any CPU.ActiveCfg = Debug|Any CPU
		{14F23F2F-CA2C-417E-AAA6-DE2154FD817C}.Debug|Any CPU.Build.0 = Debug|Any CPU
		{14F23F2F-CA2C-417E-AAA6-DE2154FD817C}.Release|Any CPU.ActiveCfg = Release|Any CPU
		{14F23F2F-CA2C-417E-AAA6-DE2154FD817C}.Release|Any CPU.Build.0 = Release|Any CPU
		{32FCF4AB-7B32-4962-8ED0-D9CDB26053FF}.Debug|Any CPU.ActiveCfg = Debug|Any CPU
		{32FCF4AB-7B32-4962-8ED0-D9CDB26053FF}.Debug|Any CPU.Build.0 = Debug|Any CPU
		{32FCF4AB-7B32-4962-8ED0-D9CDB26053FF}.Release|Any CPU.ActiveCfg = Release|Any CPU
		{32FCF4AB-7B32-4962-8ED0-D9CDB26053FF}.Release|Any CPU.Build.0 = Release|Any CPU
		{411CA907-02CF-4F6B-AB38-F86EF0387D4E}.Debug|Any CPU.ActiveCfg = Debug|Any CPU
		{411CA907-02CF-4F6B-AB38-F86EF0387D4E}.Debug|Any CPU.Build.0 = Debug|Any CPU
		{411CA907-02CF-4F6B-AB38-F86EF0387D4E}.Release|Any CPU.ActiveCfg = Release|Any CPU
		{411CA907-02CF-4F6B-AB38-F86EF0387D4E}.Release|Any CPU.Build.0 = Release|Any CPU
		{6D005EED-B11E-49DD-A31D-DCFA807F7C99}.Debug|Any CPU.ActiveCfg = Debug|Any CPU
		{6D005EED-B11E-49DD-A31D-DCFA807F7C99}.Debug|Any CPU.Build.0 = Debug|Any CPU
		{6D005EED-B11E-49DD-A31D-DCFA807F7C99}.Release|Any CPU.ActiveCfg = Release|Any CPU
		{6D005EED-B11E-49DD-A31D-DCFA807F7C99}.Release|Any CPU.Build.0 = Release|Any CPU
	EndGlobalSection
	GlobalSection(SolutionProperties) = preSolution
		HideSolutionNode = FALSE
	EndGlobalSection
	GlobalSection(ExtensibilityGlobals) = postSolution
		SolutionGuid = {BAF96258-CC50-4937-81C7-12F06624F0A7}
	EndGlobalSection
EndGlobal
